
Microsoft Visual Studio Solution File, Format Version 12.00
Project("{FAE04EC0-301F-11D3-BF4B-00C04F79EFBC}") = "MachOSharp", "MachOSharp\MachOSharp.csproj", "{390A2B0E-DC0B-482C-B4D0-4606873A45B2}"
EndProject
Global
	GlobalSection(SolutionConfigurationPlatforms) = preSolution
		Debug|Any CPU = Debug|Any CPU
		Release|Any CPU = Release|Any CPU
	EndGlobalSection
	GlobalSection(ProjectConfigurationPlatforms) = postSolution
		{390A2B0E-DC0B-482C-B4D0-4606873A45B2}.Debug|Any CPU.ActiveCfg = Debug|Any CPU
		{390A2B0E-DC0B-482C-B4D0-4606873A45B2}.Debug|Any CPU.Build.0 = Debug|Any CPU
		{390A2B0E-DC0B-482C-B4D0-4606873A45B2}.Release|Any CPU.ActiveCfg = Release|Any CPU
		{390A2B0E-DC0B-482C-B4D0-4606873A45B2}.Release|Any CPU.Build.0 = Release|Any CPU
	EndGlobalSection
EndGlobal
